
Microsoft Visual Studio Solution File, Format Version 12.00
# Visual Studio Version 17
VisualStudioVersion = 17.3.32922.545
MinimumVisualStudioVersion = 10.0.40219.1
Project("{FAE04EC0-301F-11D3-BF4B-00C04F79EFBC}") = "Adita.Wpf.Security", "Adita.Wpf.Security\Adita.Wpf.Security.csproj", "{5CF1AA2A-AFF9-473F-926C-4A41A3DBB2DD}"
EndProject
Project("{FAE04EC0-301F-11D3-BF4B-00C04F79EFBC}") = "Adita.Wpf.Security.Test", "Adita.Wpf.Security.Test\Adita.Wpf.Security.Test.csproj", "{427FD5F8-60E5-45A0-A9CB-0552798CAE44}"
EndProject
Project("{FAE04EC0-301F-11D3-BF4B-00C04F79EFBC}") = "Adita.Wpf.Security.Samples", "Adita.Wpf.Security.Samples\Adita.Wpf.Security.Samples.csproj", "{2D3C3EE9-BBC6-42F1-BC49-B1B8E8B788EC}"
EndProject
Global
	GlobalSection(SolutionConfigurationPlatforms) = preSolution
		Debug|Any CPU = Debug|Any CPU
		Release|Any CPU = Release|Any CPU
	EndGlobalSection
	GlobalSection(ProjectConfigurationPlatforms) = postSolution
		{5CF1AA2A-AFF9-473F-926C-4A41A3DBB2DD}.Debug|Any CPU.ActiveCfg = Debug|Any CPU
		{5CF1AA2A-AFF9-473F-926C-4A41A3DBB2DD}.Debug|Any CPU.Build.0 = Debug|Any CPU
		{5CF1AA2A-AFF9-473F-926C-4A41A3DBB2DD}.Release|Any CPU.ActiveCfg = Release|Any CPU
		{5CF1AA2A-AFF9-473F-926C-4A41A3DBB2DD}.Release|Any CPU.Build.0 = Release|Any CPU
		{427FD5F8-60E5-45A0-A9CB-0552798CAE44}.Debug|Any CPU.ActiveCfg = Debug|Any CPU
		{427FD5F8-60E5-45A0-A9CB-0552798CAE44}.Debug|Any CPU.Build.0 = Debug|Any CPU
		{427FD5F8-60E5-45A0-A9CB-0552798CAE44}.Release|Any CPU.ActiveCfg = Release|Any CPU
		{427FD5F8-60E5-45A0-A9CB-0552798CAE44}.Release|Any CPU.Build.0 = Release|Any CPU
		{2D3C3EE9-BBC6-42F1-BC49-B1B8E8B788EC}.Debug|Any CPU.ActiveCfg = Debug|Any CPU
		{2D3C3EE9-BBC6-42F1-BC49-B1B8E8B788EC}.Debug|Any CPU.Build.0 = Debug|Any CPU
		{2D3C3EE9-BBC6-42F1-BC49-B1B8E8B788EC}.Release|Any CPU.ActiveCfg = Release|Any CPU
		{2D3C3EE9-BBC6-42F1-BC49-B1B8E8B788EC}.Release|Any CPU.Build.0 = Release|Any CPU
	EndGlobalSection
	GlobalSection(SolutionProperties) = preSolution
		HideSolutionNode = FALSE
	EndGlobalSection
	GlobalSection(ExtensibilityGlobals) = postSolution
		SolutionGuid = {9AA28638-D5ED-46B5-99B5-24D6C261FBF0}
	EndGlobalSection
EndGlobal
